<?xml version="1.0" encoding="UTF-8" standalone="yes" ?>
<CodeBlocks_project_file>
	<FileVersion major="1" minor="6" />
	<Project>
		<Option title="FinalProject" />
		<Option pch_mode="2" />
		<Option compiler="gcc" />
		<Build>
			<Target title="Debug">
				<Option output="bin/Debug/FinalProject" prefix_auto="1" extension_auto="1" />
				<Option working_dir="C:/Users/ADMIN/Desktop/CSCI291T/Common/bin" />
				<Option object_output="obj/Debug/" />
				<Option type="1" />
				<Option compiler="gcc" />
				<Compiler>
					<Add option="-g" />
					<Add directory="include" />
				</Compiler>
			</Target>
			<Target title="Release">
				<Option output="bin/Release/FinalProject" prefix_auto="1" extension_auto="1" />
				<Option working_dir="C:/Users/ADMIN/Desktop/CSCI291T/Common/bin" />
				<Option object_output="obj/Release/" />
				<Option type="0" />
				<Option compiler="gcc" />
				<Compiler>
					<Add option="-O2" />
					<Add directory="include" />
				</Compiler>
				<Linker>
					<Add option="-s" />
				</Linker>
			</Target>
		</Build>
		<Compiler>
			<Add option="-Wall" />
			<Add directory="C:/Users/ADMIN/Desktop/CSCI291T/Common/include" />
		</Compiler>
		<Linker>
			<Add library="../Common/lib/libSOIL.a" />
			<Add library="glut32" />
			<Add library="opengl32" />
			<Add library="glu32" />
			<Add library="winmm" />
			<Add library="gdi32" />
			<Add directory="C:/Users/ADMIN/Desktop/CSCI291T/Common/lib" />
		</Linker>
		<Unit filename="include/Anorms.h" />
		<Unit filename="include/_2dplyer.h" />
		<Unit filename="include/_3dmodelloader.h" />
		<Unit filename="include/_camera.h" />
		<Unit filename="include/_common.h" />
		<Unit filename="include/_final.h" />
		<Unit filename="include/_inputs.h" />
		<Unit filename="include/_lighting.h" />
		<Unit filename="include/_model.h" />
		<Unit filename="include/_parallax.h" />
		<Unit filename="include/_scene.h" />
		<Unit filename="include/_skybox.h" />
		<Unit filename="include/_textureloader.h" />
		<Unit filename="include/_timer.h" />
		<Unit filename="include/_ufo.h" />
		<Unit filename="main.cpp" />
		<Unit filename="src/_2dplyer.cpp" />
		<Unit filename="src/_3dmodelloader.cpp" />
		<Unit filename="src/_camera.cpp" />
		<Unit filename="src/_final.cpp" />
		<Unit filename="src/_inputs.cpp" />
		<Unit filename="src/_lighting.cpp" />
		<Unit filename="src/_model.cpp" />
		<Unit filename="src/_parallax.cpp" />
		<Unit filename="src/_scene.cpp" />
		<Unit filename="src/_skybox.cpp" />
		<Unit filename="src/_textureloader.cpp" />
		<Unit filename="src/_timer.cpp" />
		<Unit filename="src/_ufo.cpp" />
		<Extensions>
			<lib_finder disable_auto="1" />
		</Extensions>
	</Project>
</CodeBlocks_project_file>
